// !$*UTF8*$!
{
	archiveVersion = 1;
	classes = {
	};
	objectVersion = 48;
	objects = {

/* Begin PBXBuildFile section */
		AB6ED54B1FD73E0100CF4F02 /* AppDelegate.swift in Sources */ = {isa = PBXBuildFile; fileRef = AB6ED54A1FD73E0100CF4F02 /* AppDelegate.swift */; };
		AB6ED54F1FD73E0100CF4F02 /* ViewController.swift in Sources */ = {isa = PBXBuildFile; fileRef = AB6ED54E1FD73E0100CF4F02 /* ViewController.swift */; };
		AB6ED5541FD73E0100CF4F02 /* Assets.xcassets in Resources */ = {isa = PBXBuildFile; fileRef = AB6ED5531FD73E0100CF4F02 /* Assets.xcassets */; };
		AB6ED5571FD73E0100CF4F02 /* LaunchScreen.storyboard in Resources */ = {isa = PBXBuildFile; fileRef = AB6ED5551FD73E0100CF4F02 /* LaunchScreen.storyboard */; };
		AB6ED55F1FD7415B00CF4F02 /* CarrotSocket.swift in Sources */ = {isa = PBXBuildFile; fileRef = AB6ED55E1FD7415B00CF4F02 /* CarrotSocket.swift */; };
		AB6ED5611FD7938000CF4F02 /* StrokeRenderer.swift in Sources */ = {isa = PBXBuildFile; fileRef = AB6ED5601FD7938000CF4F02 /* StrokeRenderer.swift */; };
		AB6ED5631FD7977D00CF4F02 /* PageAlignedArray.swift in Sources */ = {isa = PBXBuildFile; fileRef = AB6ED5621FD7977D00CF4F02 /* PageAlignedArray.swift */; };
		AB6ED5651FD7A10500CF4F02 /* Shaders.metal in Sources */ = {isa = PBXBuildFile; fileRef = AB6ED5641FD7A10500CF4F02 /* Shaders.metal */; };
		AB6ED5671FD7A30900CF4F02 /* Triangulator.swift in Sources */ = {isa = PBXBuildFile; fileRef = AB6ED5661FD7A30900CF4F02 /* Triangulator.swift */; };
		ED82B9CA941EEB5005989978 /* Pods_Scribbles.framework in Frameworks */ = {isa = PBXBuildFile; fileRef = 5C5F71AB1358684BB563D00C /* Pods_Scribbles.framework */; };
/* End PBXBuildFile section */

/* Begin PBXFileReference section */
		5C5F71AB1358684BB563D00C /* Pods_Scribbles.framework */ = {isa = PBXFileReference; explicitFileType = wrapper.framework; includeInIndex = 0; path = Pods_Scribbles.framework; sourceTree = BUILT_PRODUCTS_DIR; };
		96FFCB9C971138A282C4A1CA /* Pods-Scribbles.release.xcconfig */ = {isa = PBXFileReference; includeInIndex = 1; lastKnownFileType = text.xcconfig; name = "Pods-Scribbles.release.xcconfig"; path = "Pods/Target Support Files/Pods-Scribbles/Pods-Scribbles.release.xcconfig"; sourceTree = "<group>"; };
		AB6ED5471FD73E0100CF4F02 /* Scribbles.app */ = {isa = PBXFileReference; explicitFileType = wrapper.application; includeInIndex = 0; path = Scribbles.app; sourceTree = BUILT_PRODUCTS_DIR; };
		AB6ED54A1FD73E0100CF4F02 /* AppDelegate.swift */ = {isa = PBXFileReference; lastKnownFileType = sourcecode.swift; path = AppDelegate.swift; sourceTree = "<group>"; };
		AB6ED54E1FD73E0100CF4F02 /* ViewController.swift */ = {isa = PBXFileReference; lastKnownFileType = sourcecode.swift; path = ViewController.swift; sourceTree = "<group>"; };
		AB6ED5531FD73E0100CF4F02 /* Assets.xcassets */ = {isa = PBXFileReference; lastKnownFileType = folder.assetcatalog; path = Assets.xcassets; sourceTree = "<group>"; };
		AB6ED5561FD73E0100CF4F02 /* Base */ = {isa = PBXFileReference; lastKnownFileType = file.storyboard; name = Base; path = Base.lproj/LaunchScreen.storyboard; sourceTree = "<group>"; };
		AB6ED5581FD73E0100CF4F02 /* Info.plist */ = {isa = PBXFileReference; lastKnownFileType = text.plist.xml; path = Info.plist; sourceTree = "<group>"; };
		AB6ED55E1FD7415B00CF4F02 /* CarrotSocket.swift */ = {isa = PBXFileReference; fileEncoding = 4; lastKnownFileType = sourcecode.swift; path = CarrotSocket.swift; sourceTree = "<group>"; };
		AB6ED5601FD7938000CF4F02 /* StrokeRenderer.swift */ = {isa = PBXFileReference; lastKnownFileType = sourcecode.swift; path = StrokeRenderer.swift; sourceTree = "<group>"; };
		AB6ED5621FD7977D00CF4F02 /* PageAlignedArray.swift */ = {isa = PBXFileReference; fileEncoding = 4; lastKnownFileType = sourcecode.swift; path = PageAlignedArray.swift; sourceTree = "<group>"; };
		AB6ED5641FD7A10500CF4F02 /* Shaders.metal */ = {isa = PBXFileReference; fileEncoding = 4; lastKnownFileType = sourcecode.metal; path = Shaders.metal; sourceTree = "<group>"; };
		AB6ED5661FD7A30900CF4F02 /* Triangulator.swift */ = {isa = PBXFileReference; fileEncoding = 4; lastKnownFileType = sourcecode.swift; path = Triangulator.swift; sourceTree = "<group>"; };
		B5D23AAF28DD90B157B8F81D /* Pods-Scribbles.debug.xcconfig */ = {isa = PBXFileReference; includeInIndex = 1; lastKnownFileType = text.xcconfig; name = "Pods-Scribbles.debug.xcconfig"; path = "Pods/Target Support Files/Pods-Scribbles/Pods-Scribbles.debug.xcconfig"; sourceTree = "<group>"; };
/* End PBXFileReference section */

/* Begin PBXFrameworksBuildPhase section */
		AB6ED5441FD73E0100CF4F02 /* Frameworks */ = {
			isa = PBXFrameworksBuildPhase;
			buildActionMask = 2147483647;
			files = (
				ED82B9CA941EEB5005989978 /* Pods_Scribbles.framework in Frameworks */,
			);
			runOnlyForDeploymentPostprocessing = 0;
		};
/* End PBXFrameworksBuildPhase section */

/* Begin PBXGroup section */
		1F1A5ED66A72230AA6604169 /* Pods */ = {
			isa = PBXGroup;
			children = (
				B5D23AAF28DD90B157B8F81D /* Pods-Scribbles.debug.xcconfig */,
				96FFCB9C971138A282C4A1CA /* Pods-Scribbles.release.xcconfig */,
			);
			name = Pods;
			sourceTree = "<group>";
		};
		6D4C803E1F1B47C6E0A9D220 /* Frameworks */ = {
			isa = PBXGroup;
			children = (
				5C5F71AB1358684BB563D00C /* Pods_Scribbles.framework */,
			);
			name = Frameworks;
			sourceTree = "<group>";
		};
		AB6ED53E1FD73E0100CF4F02 = {
			isa = PBXGroup;
			children = (
				AB6ED5491FD73E0100CF4F02 /* Scribbles */,
				AB6ED5481FD73E0100CF4F02 /* Products */,
				1F1A5ED66A72230AA6604169 /* Pods */,
				6D4C803E1F1B47C6E0A9D220 /* Frameworks */,
			);
			sourceTree = "<group>";
		};
		AB6ED5481FD73E0100CF4F02 /* Products */ = {
			isa = PBXGroup;
			children = (
				AB6ED5471FD73E0100CF4F02 /* Scribbles.app */,
			);
			name = Products;
			sourceTree = "<group>";
		};
		AB6ED5491FD73E0100CF4F02 /* Scribbles */ = {
			isa = PBXGroup;
			children = (
				AB6ED54A1FD73E0100CF4F02 /* AppDelegate.swift */,
				AB6ED55E1FD7415B00CF4F02 /* CarrotSocket.swift */,
				AB6ED5621FD7977D00CF4F02 /* PageAlignedArray.swift */,
				AB6ED5601FD7938000CF4F02 /* StrokeRenderer.swift */,
				AB6ED5661FD7A30900CF4F02 /* Triangulator.swift */,
				AB6ED54E1FD73E0100CF4F02 /* ViewController.swift */,
				AB6ED5531FD73E0100CF4F02 /* Assets.xcassets */,
				AB6ED5551FD73E0100CF4F02 /* LaunchScreen.storyboard */,
				AB6ED5581FD73E0100CF4F02 /* Info.plist */,
				AB6ED5641FD7A10500CF4F02 /* Shaders.metal */,
			);
			path = Scribbles;
			sourceTree = "<group>";
		};
/* End PBXGroup section */

/* Begin PBXNativeTarget section */
		AB6ED5461FD73E0100CF4F02 /* Scribbles */ = {
			isa = PBXNativeTarget;
			buildConfigurationList = AB6ED55B1FD73E0100CF4F02 /* Build configuration list for PBXNativeTarget "Scribbles" */;
			buildPhases = (
				F68158E69CB9747D3019709C /* [CP] Check Pods Manifest.lock */,
				AB6ED5431FD73E0100CF4F02 /* Sources */,
				AB6ED5441FD73E0100CF4F02 /* Frameworks */,
				AB6ED5451FD73E0100CF4F02 /* Resources */,
				4D02CF001DA5156B0CED94E0 /* [CP] Embed Pods Frameworks */,
				054ADAC061C02DB52468671C /* [CP] Copy Pods Resources */,
			);
			buildRules = (
			);
			dependencies = (
			);
			name = Scribbles;
			productName = Scribbles;
			productReference = AB6ED5471FD73E0100CF4F02 /* Scribbles.app */;
			productType = "com.apple.product-type.application";
		};
/* End PBXNativeTarget section */

/* Begin PBXProject section */
		AB6ED53F1FD73E0100CF4F02 /* Project object */ = {
			isa = PBXProject;
			attributes = {
				LastSwiftUpdateCheck = 0910;
				LastUpgradeCheck = 0910;
				ORGANIZATIONNAME = carrot;
				TargetAttributes = {
					AB6ED5461FD73E0100CF4F02 = {
						CreatedOnToolsVersion = 9.1;
						ProvisioningStyle = Automatic;
					};
				};
			};
			buildConfigurationList = AB6ED5421FD73E0100CF4F02 /* Build configuration list for PBXProject "Scribbles" */;
			compatibilityVersion = "Xcode 8.0";
			developmentRegion = en;
			hasScannedForEncodings = 0;
			knownRegions = (
				en,
				Base,
			);
			mainGroup = AB6ED53E1FD73E0100CF4F02;
			productRefGroup = AB6ED5481FD73E0100CF4F02 /* Products */;
			projectDirPath = "";
			projectRoot = "";
			targets = (
				AB6ED5461FD73E0100CF4F02 /* Scribbles */,
			);
		};
/* End PBXProject section */

/* Begin PBXResourcesBuildPhase section */
		AB6ED5451FD73E0100CF4F02 /* Resources */ = {
			isa = PBXResourcesBuildPhase;
			buildActionMask = 2147483647;
			files = (
				AB6ED5571FD73E0100CF4F02 /* LaunchScreen.storyboard in Resources */,
				AB6ED5541FD73E0100CF4F02 /* Assets.xcassets in Resources */,
			);
			runOnlyForDeploymentPostprocessing = 0;
		};
/* End PBXResourcesBuildPhase section */

/* Begin PBXShellScriptBuildPhase section */
		054ADAC061C02DB52468671C /* [CP] Copy Pods Resources */ = {
			isa = PBXShellScriptBuildPhase;
			buildActionMask = 2147483647;
			files = (
			);
			inputPaths = (
			);
			name = "[CP] Copy Pods Resources";
			outputPaths = (
			);
			runOnlyForDeploymentPostprocessing = 0;
			shellPath = /bin/sh;
			shellScript = "\"${SRCROOT}/Pods/Target Support Files/Pods-Scribbles/Pods-Scribbles-resources.sh\"\n";
			showEnvVarsInLog = 0;
		};
		4D02CF001DA5156B0CED94E0 /* [CP] Embed Pods Frameworks */ = {
			isa = PBXShellScriptBuildPhase;
			buildActionMask = 2147483647;
			files = (
			);
			inputPaths = (
				"${SRCROOT}/Pods/Target Support Files/Pods-Scribbles/Pods-Scribbles-frameworks.sh",
				"${BUILT_PRODUCTS_DIR}/Carrot/Carrot.framework",
				"${BUILT_PRODUCTS_DIR}/Parrot/Parrot.framework",
				"${BUILT_PRODUCTS_DIR}/SocketRocket/SocketRocket.framework",
			);
			name = "[CP] Embed Pods Frameworks";
			outputPaths = (
				"${TARGET_BUILD_DIR}/${FRAMEWORKS_FOLDER_PATH}/Carrot.framework",
				"${TARGET_BUILD_DIR}/${FRAMEWORKS_FOLDER_PATH}/Parrot.framework",
				"${TARGET_BUILD_DIR}/${FRAMEWORKS_FOLDER_PATH}/SocketRocket.framework",
			);
			runOnlyForDeploymentPostprocessing = 0;
			shellPath = /bin/sh;
			shellScript = "\"${SRCROOT}/Pods/Target Support Files/Pods-Scribbles/Pods-Scribbles-frameworks.sh\"\n";
			showEnvVarsInLog = 0;
		};
		F68158E69CB9747D3019709C /* [CP] Check Pods Manifest.lock */ = {
			isa = PBXShellScriptBuildPhase;
			buildActionMask = 2147483647;
			files = (
			);
			inputPaths = (
				"${PODS_PODFILE_DIR_PATH}/Podfile.lock",
				"${PODS_ROOT}/Manifest.lock",
			);
			name = "[CP] Check Pods Manifest.lock";
			outputPaths = (
				"$(DERIVED_FILE_DIR)/Pods-Scribbles-checkManifestLockResult.txt",
			);
			runOnlyForDeploymentPostprocessing = 0;
			shellPath = /bin/sh;
			shellScript = "diff \"${PODS_PODFILE_DIR_PATH}/Podfile.lock\" \"${PODS_ROOT}/Manifest.lock\" > /dev/null\nif [ $? != 0 ] ; then\n    # print error to STDERR\n    echo \"error: The sandbox is not in sync with the Podfile.lock. Run 'pod install' or update your CocoaPods installation.\" >&2\n    exit 1\nfi\n# This output is used by Xcode 'outputs' to avoid re-running this script phase.\necho \"SUCCESS\" > \"${SCRIPT_OUTPUT_FILE_0}\"\n";
			showEnvVarsInLog = 0;
		};
/* End PBXShellScriptBuildPhase section */

/* Begin PBXSourcesBuildPhase section */
		AB6ED5431FD73E0100CF4F02 /* Sources */ = {
			isa = PBXSourcesBuildPhase;
			buildActionMask = 2147483647;
			files = (
				AB6ED5651FD7A10500CF4F02 /* Shaders.metal in Sources */,
				AB6ED54F1FD73E0100CF4F02 /* ViewController.swift in Sources */,
				AB6ED55F1FD7415B00CF4F02 /* CarrotSocket.swift in Sources */,
				AB6ED5611FD7938000CF4F02 /* StrokeRenderer.swift in Sources */,
				AB6ED54B1FD73E0100CF4F02 /* AppDelegate.swift in Sources */,
				AB6ED5631FD7977D00CF4F02 /* PageAlignedArray.swift in Sources */,
				AB6ED5671FD7A30900CF4F02 /* Triangulator.swift in Sources */,
			);
			runOnlyForDeploymentPostprocessing = 0;
		};
/* End PBXSourcesBuildPhase section */

/* Begin PBXVariantGroup section */
		AB6ED5551FD73E0100CF4F02 /* LaunchScreen.storyboard */ = {
			isa = PBXVariantGroup;
			children = (
				AB6ED5561FD73E0100CF4F02 /* Base */,
			);
			name = LaunchScreen.storyboard;
			sourceTree = "<group>";
		};
/* End PBXVariantGroup section */

/* Begin XCBuildConfiguration section */
		AB6ED5591FD73E0100CF4F02 /* Debug */ = {
			isa = XCBuildConfiguration;
			buildSettings = {
				ALWAYS_SEARCH_USER_PATHS = NO;
				CLANG_ANALYZER_NONNULL = YES;
				CLANG_ANALYZER_NUMBER_OBJECT_CONVERSION = YES_AGGRESSIVE;
				CLANG_CXX_LANGUAGE_STANDARD = "gnu++14";
				CLANG_CXX_LIBRARY = "libc++";
				CLANG_ENABLE_MODULES = YES;
				CLANG_ENABLE_OBJC_ARC = YES;
				CLANG_WARN_BLOCK_CAPTURE_AUTORELEASING = YES;
				CLANG_WARN_BOOL_CONVERSION = YES;
				CLANG_WARN_COMMA = YES;
				CLANG_WARN_CONSTANT_CONVERSION = YES;
				CLANG_WARN_DIRECT_OBJC_ISA_USAGE = YES_ERROR;
				CLANG_WARN_DOCUMENTATION_COMMENTS = YES;
				CLANG_WARN_EMPTY_BODY = YES;
				CLANG_WARN_ENUM_CONVERSION = YES;
				CLANG_WARN_INFINITE_RECURSION = YES;
				CLANG_WARN_INT_CONVERSION = YES;
				CLANG_WARN_NON_LITERAL_NULL_CONVERSION = YES;
				CLANG_WARN_OBJC_LITERAL_CONVERSION = YES;
				CLANG_WARN_OBJC_ROOT_CLASS = YES_ERROR;
				CLANG_WARN_RANGE_LOOP_ANALYSIS = YES;
				CLANG_WARN_STRICT_PROTOTYPES = YES;
				CLANG_WARN_SUSPICIOUS_MOVE = YES;
				CLANG_WARN_UNGUARDED_AVAILABILITY = YES_AGGRESSIVE;
				CLANG_WARN_UNREACHABLE_CODE = YES;
				CLANG_WARN__DUPLICATE_METHOD_MATCH = YES;
				CODE_SIGN_IDENTITY = "iPhone Developer";
				COPY_PHASE_STRIP = NO;
				DEBUG_INFORMATION_FORMAT = dwarf;
				ENABLE_STRICT_OBJC_MSGSEND = YES;
				ENABLE_TESTABILITY = YES;
				GCC_C_LANGUAGE_STANDARD = gnu11;
				GCC_DYNAMIC_NO_PIC = NO;
				GCC_NO_COMMON_BLOCKS = YES;
				GCC_OPTIMIZATION_LEVEL = 0;
				GCC_PREPROCESSOR_DEFINITIONS = (
					"DEBUG=1",
					"$(inherited)",
				);
				GCC_WARN_64_TO_32_BIT_CONVERSION = YES;
				GCC_WARN_ABOUT_RETURN_TYPE = YES_ERROR;
				GCC_WARN_UNDECLARED_SELECTOR = YES;
				GCC_WARN_UNINITIALIZED_AUTOS = YES_AGGRESSIVE;
				GCC_WARN_UNUSED_FUNCTION = YES;
				GCC_WARN_UNUSED_VARIABLE = YES;
				IPHONEOS_DEPLOYMENT_TARGET = 11.1;
				MTL_ENABLE_DEBUG_INFO = YES;
				ONLY_ACTIVE_ARCH = YES;
				SDKROOT = iphoneos;
				SWIFT_ACTIVE_COMPILATION_CONDITIONS = DEBUG;
				SWIFT_OPTIMIZATION_LEVEL = "-Onone";
			};
			name = Debug;
		};
		AB6ED55A1FD73E0100CF4F02 /* Release */ = {
			isa = XCBuildConfiguration;
			buildSettings = {
				ALWAYS_SEARCH_USER_PATHS = NO;
				CLANG_ANALYZER_NONNULL = YES;
				CLANG_ANALYZER_NUMBER_OBJECT_CONVERSION = YES_AGGRESSIVE;
				CLANG_CXX_LANGUAGE_STANDARD = "gnu++14";
				CLANG_CXX_LIBRARY = "libc++";
				CLANG_ENABLE_MODULES = YES;
				CLANG_ENABLE_OBJC_ARC = YES;
				CLANG_WARN_BLOCK_CAPTURE_AUTORELEASING = YES;
				CLANG_WARN_BOOL_CONVERSION = YES;
				CLANG_WARN_COMMA = YES;
				CLANG_WARN_CONSTANT_CONVERSION = YES;
				CLANG_WARN_DIRECT_OBJC_ISA_USAGE = YES_ERROR;
				CLANG_WARN_DOCUMENTATION_COMMENTS = YES;
				CLANG_WARN_EMPTY_BODY = YES;
				CLANG_WARN_ENUM_CONVERSION = YES;
				CLANG_WARN_INFINITE_RECURSION = YES;
				CLANG_WARN_INT_CONVERSION = YES;
				CLANG_WARN_NON_LITERAL_NULL_CONVERSION = YES;
				CLANG_WARN_OBJC_LITERAL_CONVERSION = YES;
				CLANG_WARN_OBJC_ROOT_CLASS = YES_ERROR;
				CLANG_WARN_RANGE_LOOP_ANALYSIS = YES;
				CLANG_WARN_STRICT_PROTOTYPES = YES;
				CLANG_WARN_SUSPICIOUS_MOVE = YES;
				CLANG_WARN_UNGUARDED_AVAILABILITY = YES_AGGRESSIVE;
				CLANG_WARN_UNREACHABLE_CODE = YES;
				CLANG_WARN__DUPLICATE_METHOD_MATCH = YES;
				CODE_SIGN_IDENTITY = "iPhone Developer";
				COPY_PHASE_STRIP = NO;
				DEBUG_INFORMATION_FORMAT = "dwarf-with-dsym";
				ENABLE_NS_ASSERTIONS = NO;
				ENABLE_STRICT_OBJC_MSGSEND = YES;
				GCC_C_LANGUAGE_STANDARD = gnu11;
				GCC_NO_COMMON_BLOCKS = YES;
				GCC_WARN_64_TO_32_BIT_CONVERSION = YES;
				GCC_WARN_ABOUT_RETURN_TYPE = YES_ERROR;
				GCC_WARN_UNDECLARED_SELECTOR = YES;
				GCC_WARN_UNINITIALIZED_AUTOS = YES_AGGRESSIVE;
				GCC_WARN_UNUSED_FUNCTION = YES;
				GCC_WARN_UNUSED_VARIABLE = YES;
				IPHONEOS_DEPLOYMENT_TARGET = 11.1;
				MTL_ENABLE_DEBUG_INFO = NO;
				SDKROOT = iphoneos;
				SWIFT_OPTIMIZATION_LEVEL = "-Owholemodule";
				VALIDATE_PRODUCT = YES;
			};
			name = Release;
		};
		AB6ED55C1FD73E0100CF4F02 /* Debug */ = {
			isa = XCBuildConfiguration;
			baseConfigurationReference = B5D23AAF28DD90B157B8F81D /* Pods-Scribbles.debug.xcconfig */;
			buildSettings = {
				ASSETCATALOG_COMPILER_APPICON_NAME = AppIcon;
				CODE_SIGN_STYLE = Automatic;
				DEVELOPMENT_TEAM = BG3Y5KSHNC;
				INFOPLIST_FILE = Scribbles/Info.plist;
				LD_RUNPATH_SEARCH_PATHS = "$(inherited) @executable_path/Frameworks";
				PRODUCT_BUNDLE_IDENTIFIER = com.carrot.Scribbles;
				PRODUCT_NAME = "$(TARGET_NAME)";
				SWIFT_VERSION = 4.0;
				TARGETED_DEVICE_FAMILY = "1,2";
			};
			name = Debug;
		};
		AB6ED55D1FD73E0100CF4F02 /* Release */ = {
			isa = XCBuildConfiguration;
			baseConfigurationReference = 96FFCB9C971138A282C4A1CA /* Pods-Scribbles.release.xcconfig */;
			buildSettings = {
				ASSETCATALOG_COMPILER_APPICON_NAME = AppIcon;
				CODE_SIGN_STYLE = Automatic;
				DEVELOPMENT_TEAM = BG3Y5KSHNC;
				INFOPLIST_FILE = Scribbles/Info.plist;
				LD_RUNPATH_SEARCH_PATHS = "$(inherited) @executable_path/Frameworks";
				PRODUCT_BUNDLE_IDENTIFIER = com.carrot.Scribbles;
				PRODUCT_NAME = "$(TARGET_NAME)";
				SWIFT_VERSION = 4.0;
				TARGETED_DEVICE_FAMILY = "1,2";
			};
			name = Release;
		};
/* End XCBuildConfiguration section */

/* Begin XCConfigurationList section */
		AB6ED5421FD73E0100CF4F02 /* Build configuration list for PBXProject "Scribbles" */ = {
			isa = XCConfigurationList;
			buildConfigurations = (
				AB6ED5591FD73E0100CF4F02 /* Debug */,
				AB6ED55A1FD73E0100CF4F02 /* Release */,
			);
			defaultConfigurationIsVisible = 0;
			defaultConfigurationName = Release;
		};
		AB6ED55B1FD73E0100CF4F02 /* Build configuration list for PBXNativeTarget "Scribbles" */ = {
			isa = XCConfigurationList;
			buildConfigurations = (
				AB6ED55C1FD73E0100CF4F02 /* Debug */,
				AB6ED55D1FD73E0100CF4F02 /* Release */,
			);
			defaultConfigurationIsVisible = 0;
			defaultConfigurationName = Release;
		};
/* End XCConfigurationList section */
	};
	rootObject = AB6ED53F1FD73E0100CF4F02 /* Project object */;
}
